
Microsoft Visual Studio Solution File, Format Version 12.00
# Visual Studio Version 16
VisualStudioVersion = 16.0.31515.178
MinimumVisualStudioVersion = 10.0.40219.1
Project("{9A19103F-16F7-4668-BE54-9A1E7A4F7556}") = "tictactoe", "tictactoe.csproj", "{4E129499-A443-4115-90EF-F1255D0A40EA}"
EndProject
Global
	GlobalSection(SolutionConfigurationPlatforms) = preSolution
		Debug|Any CPU = Debug|Any CPU
		Release|Any CPU = Release|Any CPU
	EndGlobalSection
	GlobalSection(ProjectConfigurationPlatforms) = postSolution
		{4E129499-A443-4115-90EF-F1255D0A40EA}.Debug|Any CPU.ActiveCfg = Debug|Any CPU
		{4E129499-A443-4115-90EF-F1255D0A40EA}.Debug|Any CPU.Build.0 = Debug|Any CPU
		{4E129499-A443-4115-90EF-F1255D0A40EA}.Release|Any CPU.ActiveCfg = Release|Any CPU
		{4E129499-A443-4115-90EF-F1255D0A40EA}.Release|Any CPU.Build.0 = Release|Any CPU
	EndGlobalSection
	GlobalSection(SolutionProperties) = preSolution
		HideSolutionNode = FALSE
	EndGlobalSection
	GlobalSection(ExtensibilityGlobals) = postSolution
		SolutionGuid = {C8037042-72BD-4FD6-8F61-C2F46C1ED671}
	EndGlobalSection
EndGlobal
